
Microsoft Visual Studio Solution File, Format Version 12.00
# Visual Studio Version 17
VisualStudioVersion = 17.8.34330.188
MinimumVisualStudioVersion = 10.0.40219.1
Project("{FAE04EC0-301F-11D3-BF4B-00C04F79EFBC}") = "CSharpExtender", "CSharpExtender\CSharpExtender.csproj", "{219F4895-3B91-4291-8D06-02A5A5749BB4}"
EndProject
Project("{FAE04EC0-301F-11D3-BF4B-00C04F79EFBC}") = "Test.CSharpExtender", "Test.CSharpExtender\Test.CSharpExtender.csproj", "{E58959C9-A22B-4B5D-9507-B6A2CD8B2607}"
EndProject
Project("{FAE04EC0-301F-11D3-BF4B-00C04F79EFBC}") = "BenchmarkTestBench", "BenchmarkTestBench\BenchmarkTestBench.csproj", "{1CF1DAEF-0755-4F06-89CD-6ABCF50A838C}"
EndProject
Project("{2150E333-8FDC-42A3-9474-1A3956D46DE8}") = "Solution Files", "Solution Files", "{02EA681E-C7D8-13C7-8484-4AC65E1B71E8}"
	ProjectSection(SolutionItems) = preProject
		LICENSE.txt = LICENSE.txt
		README.md = README.md
		RELEASE_NOTES.md = RELEASE_NOTES.md
	EndProjectSection
EndProject
Project("{2150E333-8FDC-42A3-9474-1A3956D46DE8}") = ".github", ".github", "{A344A16F-0891-4C85-AEB9-3974D4606C22}"
EndProject
Project("{2150E333-8FDC-42A3-9474-1A3956D46DE8}") = "workflows", "workflows", "{7B81E5AC-5679-484F-8757-6C3DE84DACBF}"
	ProjectSection(SolutionItems) = preProject
		.github\workflows\ci.yml = .github\workflows\ci.yml
	EndProjectSection
EndProject
Global
	GlobalSection(SolutionConfigurationPlatforms) = preSolution
		Debug|Any CPU = Debug|Any CPU
		Release|Any CPU = Release|Any CPU
	EndGlobalSection
	GlobalSection(ProjectConfigurationPlatforms) = postSolution
		{219F4895-3B91-4291-8D06-02A5A5749BB4}.Debug|Any CPU.ActiveCfg = Debug|Any CPU
		{219F4895-3B91-4291-8D06-02A5A5749BB4}.Debug|Any CPU.Build.0 = Debug|Any CPU
		{219F4895-3B91-4291-8D06-02A5A5749BB4}.Release|Any CPU.ActiveCfg = Release|Any CPU
		{219F4895-3B91-4291-8D06-02A5A5749BB4}.Release|Any CPU.Build.0 = Release|Any CPU
		{E58959C9-A22B-4B5D-9507-B6A2CD8B2607}.Debug|Any CPU.ActiveCfg = Debug|Any CPU
		{E58959C9-A22B-4B5D-9507-B6A2CD8B2607}.Debug|Any CPU.Build.0 = Debug|Any CPU
		{E58959C9-A22B-4B5D-9507-B6A2CD8B2607}.Release|Any CPU.ActiveCfg = Release|Any CPU
		{E58959C9-A22B-4B5D-9507-B6A2CD8B2607}.Release|Any CPU.Build.0 = Release|Any CPU
		{1CF1DAEF-0755-4F06-89CD-6ABCF50A838C}.Debug|Any CPU.ActiveCfg = Debug|Any CPU
		{1CF1DAEF-0755-4F06-89CD-6ABCF50A838C}.Debug|Any CPU.Build.0 = Debug|Any CPU
		{1CF1DAEF-0755-4F06-89CD-6ABCF50A838C}.Release|Any CPU.ActiveCfg = Release|Any CPU
		{1CF1DAEF-0755-4F06-89CD-6ABCF50A838C}.Release|Any CPU.Build.0 = Release|Any CPU
	EndGlobalSection
	GlobalSection(SolutionProperties) = preSolution
		HideSolutionNode = FALSE
	EndGlobalSection
	GlobalSection(NestedProjects) = preSolution
		{A344A16F-0891-4C85-AEB9-3974D4606C22} = {02EA681E-C7D8-13C7-8484-4AC65E1B71E8}
		{7B81E5AC-5679-484F-8757-6C3DE84DACBF} = {A344A16F-0891-4C85-AEB9-3974D4606C22}
	EndGlobalSection
	GlobalSection(ExtensibilityGlobals) = postSolution
		SolutionGuid = {1B310B14-9E81-497D-8284-40A19D9A89A4}
	EndGlobalSection
EndGlobal
